{
    "_readme": [
        "This file locks the dependencies of your project to a known state",
        "Read more about it at https://getcomposer.org/doc/01-basic-usage.md#installing-dependencies",
        "This file is @generated automatically"
    ],
    "content-hash": "5e0237d58c1f876f54691d43cd6265a2",
    "packages": [
        {
            "name": "analog/analog",
            "version": "1.0.12-stable",
            "source": {
                "type": "git",
                "url": "https://github.com/jbroadway/analog.git",
                "reference": "4ac87ac59555db6eaba734b2b022fcc296e8729d"
            },
            "dist": {
                "type": "zip",
                "url": "https://api.github.com/repos/jbroadway/analog/zipball/4ac87ac59555db6eaba734b2b022fcc296e8729d",
                "reference": "4ac87ac59555db6eaba734b2b022fcc296e8729d",
                "shasum": ""
            },
            "require": {
                "php": ">=5.3.2",
                "psr/log": "1.*"
            },
            "require-dev": {
                "phpunit/phpunit": "^4.8.36 || ^5.7 || ^6.5"
            },
            "type": "library",
            "autoload": {
                "psr-0": {
                    "Analog": "lib/"
                }
            },
            "notification-url": "https://packagist.org/downloads/",
            "license": [
                "MIT"
            ],
            "authors": [
                {
                    "name": "Johnny Broadway",
                    "email": "johnny@johnnybroadway.com",
                    "homepage": "http://www.johnnybroadway.com/"
                }
            ],
            "description": "PHP logging class that can be extended via closures. Includes several pre-built handlers including file, mail, syslog, HTTP post, and MongoDB.",
            "homepage": "https://github.com/jbroadway/analog",
            "keywords": [
                "alerts",
                "debug",
                "debugging",
                "error",
                "log",
                "logger",
                "logging",
                "syslog"
            ],
            "time": "2019-03-05T22:41:22+00:00"
        },
        {
            "name": "greenlion/php-sql-parser",
            "version": "4.2.1",
            "source": {
                "type": "git",
                "url": "https://github.com/greenlion/PHP-SQL-Parser.git",
                "reference": "249e8342c9b29e7444090bc66da5e870a0b28b8c"
            },
            "dist": {
                "type": "zip",
                "url": "https://api.github.com/repos/greenlion/PHP-SQL-Parser/zipball/249e8342c9b29e7444090bc66da5e870a0b28b8c",
                "reference": "249e8342c9b29e7444090bc66da5e870a0b28b8c",
                "shasum": ""
            },
            "require": {
                "analog/analog": "^1.0.6",
                "php": ">=5.3.2"
            },
            "require-dev": {
                "phpunit/phpunit": "^4.0.14",
                "squizlabs/php_codesniffer": "^1.5.1"
            },
            "type": "library",
            "autoload": {
                "psr-0": {
                    "PHPSQLParser\\": "src/"
                }
            },
            "notification-url": "https://packagist.org/downloads/",
            "license": [
                "BSD-3-Clause"
            ],
            "authors": [
                {
                    "name": "André Rothe",
                    "email": "phosco@gmx.de",
                    "homepage": "https://www.phosco.info",
                    "role": "Committer"
                },
                {
                    "name": "Justin Swanhart",
                    "email": "greenlion@gmail.com",
                    "homepage": "http://code.google.com/u/greenlion@gmail.com/",
                    "role": "Owner"
                }
            ],
            "description": "A pure PHP SQL (non validating) parser w/ focus on MySQL dialect of SQL",
            "homepage": "https://github.com/greenlion/PHP-SQL-Parser",
            "keywords": [
                "creator",
                "mysql",
                "parser",
                "sql"
            ],
            "time": "2018-12-23T05:09:55+00:00"
        },
        {
            "name": "nikic/php-parser",
            "version": "v4.2.1",
            "source": {
                "type": "git",
                "url": "https://github.com/nikic/PHP-Parser.git",
                "reference": "5221f49a608808c1e4d436df32884cbc1b821ac0"
            },
            "dist": {
                "type": "zip",
                "url": "https://api.github.com/repos/nikic/PHP-Parser/zipball/5221f49a608808c1e4d436df32884cbc1b821ac0",
                "reference": "5221f49a608808c1e4d436df32884cbc1b821ac0",
                "shasum": ""
            },
            "require": {
                "ext-tokenizer": "*",
                "php": ">=7.0"
            },
            "require-dev": {
                "phpunit/phpunit": "^6.5 || ^7.0"
            },
            "bin": [
                "bin/php-parse"
            ],
            "type": "library",
            "extra": {
                "branch-alias": {
                    "dev-master": "4.2-dev"
                }
            },
            "autoload": {
                "psr-4": {
                    "PhpParser\\": "lib/PhpParser"
                }
            },
            "notification-url": "https://packagist.org/downloads/",
            "license": [
                "BSD-3-Clause"
            ],
            "authors": [
                {
                    "name": "Nikita Popov"
                }
            ],
            "description": "A PHP parser written in PHP",
            "keywords": [
                "parser",
                "php"
            ],
            "time": "2019-02-16T20:54:15+00:00"
        },
        {
            "name": "psr/log",
            "version": "1.1.0",
            "source": {
                "type": "git",
                "url": "https://github.com/php-fig/log.git",
                "reference": "6c001f1daafa3a3ac1d8ff69ee4db8e799a654dd"
            },
            "dist": {
                "type": "zip",
                "url": "https://api.github.com/repos/php-fig/log/zipball/6c001f1daafa3a3ac1d8ff69ee4db8e799a654dd",
                "reference": "6c001f1daafa3a3ac1d8ff69ee4db8e799a654dd",
                "shasum": ""
            },
            "require": {
                "php": ">=5.3.0"
            },
            "type": "library",
            "extra": {
                "branch-alias": {
                    "dev-master": "1.0.x-dev"
                }
            },
            "autoload": {
                "psr-4": {
                    "Psr\\Log\\": "Psr/Log/"
                }
            },
            "notification-url": "https://packagist.org/downloads/",
            "license": [
                "MIT"
            ],
            "authors": [
                {
                    "name": "PHP-FIG",
                    "homepage": "http://www.php-fig.org/"
                }
            ],
            "description": "Common interface for logging libraries",
            "homepage": "https://github.com/php-fig/log",
            "keywords": [
                "log",
                "psr",
                "psr-3"
            ],
            "time": "2018-11-20T15:27:04+00:00"
        }
    ],
    "packages-dev": [],
    "aliases": [],
    "minimum-stability": "stable",
    "stability-flags": [],
    "prefer-stable": false,
    "prefer-lowest": false,
    "platform": [],
    "platform-dev": []
}
